{
  "name": "cdktf-bug-tfc-errors",
  "version": "1.0.0",
  "lockfileVersion": 1,
  "requires": true,
  "dependencies": {
    "@cdktf/provider-aws": {
      "version": "1.0.64",
      "resolved": "https://registry.npmjs.org/@cdktf/provider-aws/-/provider-aws-1.0.64.tgz",
      "integrity": "sha512-C9041cnD7LkI43rxK96v4NlriZtCCtWaCAyCqwxjcIrhUmZF3E3WSiExUmLkeH4X4RmPC7dQ2VznY3Z96ksPGA=="
    },
    "@types/node": {
      "version": "15.0.1",
      "resolved": "https://registry.npmjs.org/@types/node/-/node-15.0.1.tgz",
      "integrity": "sha512-TMkXt0Ck1y0KKsGr9gJtWGjttxlZnnvDtphxUOSd0bfaR6Q1jle+sPvrzNR1urqYTWMinoKvjKfXUGsumaO1PA==",
      "dev": true
    },
    "cdktf": {
      "version": "0.3.0",
      "resolved": "https://registry.npmjs.org/cdktf/-/cdktf-0.3.0.tgz",
      "integrity": "sha512-+Nk6eKVMjcnIlu5KPZ02vo2VuD1B+wFydGS00BvvpwDjymhNnMTc5ADjPtGhwpi067i30j/HCFRHDKG04dgVbg==",
      "requires": {
        "json-stable-stringify": "^1.0.1"
      },
      "dependencies": {
        "json-stable-stringify": {
          "version": "1.0.1",
          "bundled": true,
          "requires": {
            "jsonify": "~0.0.0"
          }
        },
        "jsonify": {
          "version": "0.0.0",
          "bundled": true
        }
      }
    },
    "constructs": {
      "version": "3.3.75",
      "resolved": "https://registry.npmjs.org/constructs/-/constructs-3.3.75.tgz",
      "integrity": "sha512-q10foASSSfDWmS99OQLfnWDXCzqLvoORISAVWPFg0AmIGlBv2ZdDOtXxLqrJARPxVlOldmW2JzWzdRI+4+0/ZA=="
    },
    "typescript": {
      "version": "4.2.4",
      "resolved": "https://registry.npmjs.org/typescript/-/typescript-4.2.4.tgz",
      "integrity": "sha512-V+evlYHZnQkaz8TRBuxTA92yZBPotr5H+WhQ7bD3hZUndx5tGOa1fuCgeSjxAzM1RiN5IzvadIXTVefuuwZCRg==",
      "dev": true
    }
  }
}
